
Microsoft Visual Studio Solution File, Format Version 12.00
# Visual Studio Version 16
VisualStudioVersion = 16.0.31424.327
MinimumVisualStudioVersion = 10.0.40219.1
Project("{FAE04EC0-301F-11D3-BF4B-00C04F79EFBC}") = "ConsolePong", "ConsolePong.csproj", "{F0FAF757-EAE1-4AC1-9E7D-6BD2AB8014F1}"
EndProject
Global
	GlobalSection(SolutionConfigurationPlatforms) = preSolution
		Debug|Any CPU = Debug|Any CPU
		Release|Any CPU = Release|Any CPU
	EndGlobalSection
	GlobalSection(ProjectConfigurationPlatforms) = postSolution
		{F0FAF757-EAE1-4AC1-9E7D-6BD2AB8014F1}.Debug|Any CPU.ActiveCfg = Debug|Any CPU
		{F0FAF757-EAE1-4AC1-9E7D-6BD2AB8014F1}.Debug|Any CPU.Build.0 = Debug|Any CPU
		{F0FAF757-EAE1-4AC1-9E7D-6BD2AB8014F1}.Release|Any CPU.ActiveCfg = Release|Any CPU
		{F0FAF757-EAE1-4AC1-9E7D-6BD2AB8014F1}.Release|Any CPU.Build.0 = Release|Any CPU
	EndGlobalSection
	GlobalSection(SolutionProperties) = preSolution
		HideSolutionNode = FALSE
	EndGlobalSection
	GlobalSection(ExtensibilityGlobals) = postSolution
		SolutionGuid = {7018F19B-AFA9-4DAC-B4A8-F7D2A4FC77F9}
	EndGlobalSection
EndGlobal
